<?xml version="1.0" encoding="utf-8"?>
<Project ToolsVersion="4.0" xmlns="http://schemas.microsoft.com/developer/msbuild/2003">
  <ItemGroup>
    <Filter Include="Assets">
      <UniqueIdentifier>74e7337a-31c1-4fba-82b5-19ca4ae915fc</UniqueIdentifier>
      <Extensions>ico;cur;bmp;dds;dlg;fbx;rct;bin;rgs;gif;jpg;jpeg;jpe;resx;tga;tiff;tif;png;wav;mfcribbon-ms</Extensions>
    </Filter>
    <Filter Include="Source">
      <UniqueIdentifier>{15080443-5de6-448c-b247-6a6ef81fad18}</UniqueIdentifier>
    </Filter>
    <Filter Include="Source\DirectX">
      <UniqueIdentifier>{fac9a38e-7445-4c76-8eef-0b6a365ade33}</UniqueIdentifier>
    </Filter>
    <Filter Include="Source\DirectX\Public">
      <UniqueIdentifier>{41d5eaed-cbbe-4e2b-903d-3585a533f6c3}</UniqueIdentifier>
    </Filter>
    <Filter Include="Source\DirectX\Private">
      <UniqueIdentifier>{1cc41421-ec88-4c11-a5b1-652d0f465e82}</UniqueIdentifier>
    </Filter>
    <Filter Include="Shader">
      <UniqueIdentifier>{d27460b7-cb7d-4beb-8d98-d5f100e5a139}</UniqueIdentifier>
    </Filter>
    <Filter Include="Source\DirectX\Private\Core">
      <UniqueIdentifier>{f6ee1685-ee49-4ee3-b0aa-73857c9ae07c}</UniqueIdentifier>
    </Filter>
    <Filter Include="Source\DirectX\Private\Render">
      <UniqueIdentifier>{93804615-3af3-48b8-a32b-fb8f091e7aa3}</UniqueIdentifier>
    </Filter>
    <Filter Include="Source\DirectX\Public\Core">
      <UniqueIdentifier>{d3dd3f66-a58b-4be9-b534-cc681c470237}</UniqueIdentifier>
    </Filter>
    <Filter Include="Source\DirectX\Public\Render">
      <UniqueIdentifier>{dcaaf732-0613-473a-9ce7-64c5c5efe9fe}</UniqueIdentifier>
    </Filter>
    <Filter Include="Source\DirectX\Private\Utils">
      <UniqueIdentifier>{66e75d4a-39f9-490e-b1bb-d834e31ec5d1}</UniqueIdentifier>
    </Filter>
    <Filter Include="Source\DirectX\Public\Utils">
      <UniqueIdentifier>{9bae8e1b-5cb9-41d4-82dd-38d98326c30d}</UniqueIdentifier>
    </Filter>
    <Filter Include="Source\DirectX\Public\Render\Factory">
      <UniqueIdentifier>{32db8346-707c-4e09-a361-2ea084c8f303}</UniqueIdentifier>
    </Filter>
    <Filter Include="Source\DirectX\Private\Render\Factory">
      <UniqueIdentifier>{0fd575f3-7e8b-4371-b6d7-a451bc9b6eb5}</UniqueIdentifier>
    </Filter>
    <Filter Include="Source\DirectX\Private\Input">
      <UniqueIdentifier>{bb674d11-420a-4ef0-9286-1db336434864}</UniqueIdentifier>
    </Filter>
    <Filter Include="Source\DirectX\Public\Input">
      <UniqueIdentifier>{a92a1cb5-9ee0-45e1-b848-2265a254433d}</UniqueIdentifier>
    </Filter>
    <Filter Include="Source\Engine">
      <UniqueIdentifier>{36286c53-cea8-4424-836f-4e6f62d4bacc}</UniqueIdentifier>
    </Filter>
    <Filter Include="Source\Engine\Public">
      <UniqueIdentifier>{9a5183b1-6a9a-4757-b0ce-c33d67f08291}</UniqueIdentifier>
    </Filter>
    <Filter Include="Source\Engine\Private">
      <UniqueIdentifier>{0da968cb-f577-4d71-84cb-472178b14818}</UniqueIdentifier>
    </Filter>
    <Filter Include="Source\Engine\Private\Core">
      <UniqueIdentifier>{2c2cee4f-3e58-4b87-8e52-8329b8e0d370}</UniqueIdentifier>
    </Filter>
    <Filter Include="Source\Engine\Public\Core">
      <UniqueIdentifier>{5405e0f0-a4fe-415d-b646-a74fabae808d}</UniqueIdentifier>
    </Filter>
    <Filter Include="Source\Engine\Private\Input">
      <UniqueIdentifier>{840820f6-544b-4976-b45c-f54df9a93888}</UniqueIdentifier>
    </Filter>
    <Filter Include="Source\Engine\Public\Input">
      <UniqueIdentifier>{ab6e3b7b-0939-429f-bd34-8e6a4c369bf2}</UniqueIdentifier>
    </Filter>
    <Filter Include="Source\DirectX\Public\Math">
      <UniqueIdentifier>{bf01354a-cf6c-4870-b888-13fe94534888}</UniqueIdentifier>
    </Filter>
    <Filter Include="Source\DirectX\Private\Math">
      <UniqueIdentifier>{2851a57a-7714-4c90-a420-cdea9676f8c4}</UniqueIdentifier>
    </Filter>
    <Filter Include="Source\DirectX\DDSTextureLoader">
      <UniqueIdentifier>{53f11842-5978-44d7-89d5-6962ad5a9934}</UniqueIdentifier>
    </Filter>
    <Filter Include="Source\DirectX\WICTextureLoader">
      <UniqueIdentifier>{83f4310c-dcf7-43ae-a996-efb0d8c70556}</UniqueIdentifier>
    </Filter>
    <Filter Include="Source\DirectX\Public\Render\Viewport">
      <UniqueIdentifier>{ba1f832e-7394-41d2-96b0-23187fbdbcde}</UniqueIdentifier>
    </Filter>
    <Filter Include="Source\DirectX\Private\Render\Viewport">
      <UniqueIdentifier>{e94b0570-ad5f-4514-923f-d3addcfb5908}</UniqueIdentifier>
    </Filter>
    <Filter Include="Source\DirectX\Public\Render\World">
      <UniqueIdentifier>{14a0b228-6a6e-4df9-98ff-e19965e3581c}</UniqueIdentifier>
    </Filter>
    <Filter Include="Source\DirectX\Private\Render\World">
      <UniqueIdentifier>{61423e05-8bb1-4f70-a96a-1c246a28eb1f}</UniqueIdentifier>
    </Filter>
    <Filter Include="Source\Engine\Public\Factory">
      <UniqueIdentifier>{c4063d5b-da65-4d85-bdd1-5f086febfa39}</UniqueIdentifier>
    </Filter>
    <Filter Include="Source\Engine\Public\Factory\Geometry">
      <UniqueIdentifier>{efe63001-f569-4f03-ad11-4f36096fb765}</UniqueIdentifier>
    </Filter>
    <Filter Include="Source\DirectX\Private\Geometry">
      <UniqueIdentifier>{fa70d723-3996-4181-a9a2-0c7c8d4e04b7}</UniqueIdentifier>
    </Filter>
    <Filter Include="Source\DirectX\Public\Geometry">
      <UniqueIdentifier>{3b1bbb71-4d89-4f18-a23d-17bdad62971c}</UniqueIdentifier>
    </Filter>
    <Filter Include="Source\DirectX\Private\Object">
      <UniqueIdentifier>{6a273b45-d908-4fc8-986d-3782f9538507}</UniqueIdentifier>
    </Filter>
    <Filter Include="Source\DirectX\Public\Object">
      <UniqueIdentifier>{f21213f9-ea6a-43b0-b242-c984f23d9bf8}</UniqueIdentifier>
    </Filter>
    <Filter Include="Source\DirectX\Public\Render\Manager">
      <UniqueIdentifier>{7ee401b9-c88e-43a6-bf15-bdbd1cb6c6fe}</UniqueIdentifier>
    </Filter>
    <Filter Include="Source\DirectX\Public\Delegate">
      <UniqueIdentifier>{7aa0817b-932f-4f76-9efd-444bcf8867d6}</UniqueIdentifier>
    </Filter>
  </ItemGroup>
  <ItemGroup>
    <ClInclude Include="pch.h" />
    <ClInclude Include="StepTimer.h" />
    <ClInclude Include="Source\DirectX\DirectXHead.h">
      <Filter>Source\DirectX</Filter>
    </ClInclude>
    <ClInclude Include="Source\DirectX\Public\Utils\DirectXUtils.h">
      <Filter>Source\DirectX\Public\Utils</Filter>
    </ClInclude>
    <ClInclude Include="Source\DirectX\Public\Render\Factory\RenderTargetView.h">
      <Filter>Source\DirectX\Public\Render\Factory</Filter>
    </ClInclude>
    <ClInclude Include="Source\DirectX\Public\Core\DirectX.h">
      <Filter>Source\DirectX\Public\Core</Filter>
    </ClInclude>
    <ClInclude Include="Source\DirectX\Public\Render\Factory\InputLayout.h">
      <Filter>Source\DirectX\Public\Render\Factory</Filter>
    </ClInclude>
    <ClInclude Include="Source\DirectX\Public\Render\Factory\Shader.h">
      <Filter>Source\DirectX\Public\Render\Factory</Filter>
    </ClInclude>
    <ClInclude Include="Source\DirectX\Public\Render\Factory\VertexBuffer.h">
      <Filter>Source\DirectX\Public\Render\Factory</Filter>
    </ClInclude>
    <ClInclude Include="Source\DirectX\Public\Render\Factory\VertexShader.h">
      <Filter>Source\DirectX\Public\Render\Factory</Filter>
    </ClInclude>
    <ClInclude Include="Source\DirectX\Public\Render\Factory\PixelShader.h">
      <Filter>Source\DirectX\Public\Render\Factory</Filter>
    </ClInclude>
    <ClInclude Include="Source\DirectX\Public\Render\Factory\ConstantBuffer.h">
      <Filter>Source\DirectX\Public\Render\Factory</Filter>
    </ClInclude>
    <ClInclude Include="Source\DirectX\Public\Render\Factory\SamplerState.h">
      <Filter>Source\DirectX\Public\Render\Factory</Filter>
    </ClInclude>
    <ClInclude Include="Source\DirectX\Public\Render\Factory\BlendState.h">
      <Filter>Source\DirectX\Public\Render\Factory</Filter>
    </ClInclude>
    <ClInclude Include="Source\DirectX\Public\Input\DirectXInput.h">
      <Filter>Source\DirectX\Public\Input</Filter>
    </ClInclude>
    <ClInclude Include="Source\DirectX\Public\Render\Factory\DepthStencilView.h">
      <Filter>Source\DirectX\Public\Render\Factory</Filter>
    </ClInclude>
    <ClInclude Include="Source\DirectX\Public\Math\Rect.h">
      <Filter>Source\DirectX\Public\Math</Filter>
    </ClInclude>
    <ClInclude Include="Source\DirectX\Public\Math\Vertex.h">
      <Filter>Source\DirectX\Public\Math</Filter>
    </ClInclude>
    <ClInclude Include="Source\DirectX\Public\Render\Factory\IndexBuffer.h">
      <Filter>Source\DirectX\Public\Render\Factory</Filter>
    </ClInclude>
    <ClInclude Include="Source\DirectX\Public\Core\DirectXTex.h">
      <Filter>Source\DirectX\Public\Core</Filter>
    </ClInclude>
    <ClInclude Include="Source\DirectX\WICTextureLoader\WICTextureLoader11.h">
      <Filter>Source\DirectX\WICTextureLoader</Filter>
    </ClInclude>
    <ClInclude Include="Source\DirectX\DDSTextureLoader\DDSTextureLoader11.h">
      <Filter>Source\DirectX\DDSTextureLoader</Filter>
    </ClInclude>
    <ClInclude Include="Source\DirectX\Public\Input\Camera.h">
      <Filter>Source\DirectX\Public\Input</Filter>
    </ClInclude>
    <ClInclude Include="Source\DirectX\Public\Render\Viewport\ViewPort.h">
      <Filter>Source\DirectX\Public\Render\Viewport</Filter>
    </ClInclude>
    <ClInclude Include="Source\DirectX\Public\Render\World\SkySphere.h">
      <Filter>Source\DirectX\Public\Render\World</Filter>
    </ClInclude>
    <ClInclude Include="Source\DirectX\Public\Render\Factory\CubeTexture.h">
      <Filter>Source\DirectX\Public\Render\Factory</Filter>
    </ClInclude>
    <ClInclude Include="Source\DirectX\Public\Render\Factory\Bindable.h">
      <Filter>Source\DirectX\Public\Render\Factory</Filter>
    </ClInclude>
    <ClInclude Include="Source\DirectX\Public\Object\DrawCube.h">
      <Filter>Source\DirectX\Public\Object</Filter>
    </ClInclude>
    <ClInclude Include="Source\DirectX\Public\Object\DrawableObject.h">
      <Filter>Source\DirectX\Public\Object</Filter>
    </ClInclude>
    <ClInclude Include="Source\DirectX\Public\Core\DirectXResource.h">
      <Filter>Source\DirectX\Public\Core</Filter>
    </ClInclude>
    <ClInclude Include="Source\DirectX\Public\Render\Manager\BindableManager.h">
      <Filter>Source\DirectX\Public\Render\Manager</Filter>
    </ClInclude>
    <ClInclude Include="Source\DirectX\Public\Render\Factory\Topology.h">
      <Filter>Source\DirectX\Public\Render\Factory</Filter>
    </ClInclude>
    <ClInclude Include="Source\DirectX\Public\Geometry\Cube.h">
      <Filter>Source\DirectX\Public\Geometry</Filter>
    </ClInclude>
    <ClInclude Include="Source\DirectX\Public\Geometry\Plane.h">
      <Filter>Source\DirectX\Public\Geometry</Filter>
    </ClInclude>
    <ClInclude Include="Source\DirectX\Public\Geometry\Sphere.h">
      <Filter>Source\DirectX\Public\Geometry</Filter>
    </ClInclude>
    <ClInclude Include="Source\DirectX\Public\Geometry\TriangleList.h">
      <Filter>Source\DirectX\Public\Geometry</Filter>
    </ClInclude>
    <ClInclude Include="Source\DirectX\Public\Math\Math.h">
      <Filter>Source\DirectX\Public\Math</Filter>
    </ClInclude>
    <ClInclude Include="Source\DirectX\Public\Render\Factory\Rasterizer.h">
      <Filter>Source\DirectX\Public\Render\Factory</Filter>
    </ClInclude>
    <ClInclude Include="Source\DirectX\Public\Object\DrawPlane.h">
      <Filter>Source\DirectX\Public\Object</Filter>
    </ClInclude>
    <ClInclude Include="Source\DirectX\Public\Utils\String.h">
      <Filter>Source\DirectX\Public\Utils</Filter>
    </ClInclude>
    <ClInclude Include="Source\DirectX\Public\Render\Factory\TransformConstantBuffer.h">
      <Filter>Source\DirectX\Public\Render\Factory</Filter>
    </ClInclude>
    <ClInclude Include="Source\DirectX\Public\Object\DrawSphere.h">
      <Filter>Source\DirectX\Public\Object</Filter>
    </ClInclude>
    <ClInclude Include="Source\DirectX\Public\Object\PointLight.h">
      <Filter>Source\DirectX\Public\Object</Filter>
    </ClInclude>
    <ClInclude Include="Source\DirectX\Public\Input\CameraIndicator.h">
      <Filter>Source\DirectX\Public\Input</Filter>
    </ClInclude>
    <ClInclude Include="Source\DirectX\Public\Input\CameraProjection.h">
      <Filter>Source\DirectX\Public\Input</Filter>
    </ClInclude>
    <ClInclude Include="Source\DirectX\Public\Object\DrawPyramid.h">
      <Filter>Source\DirectX\Public\Object</Filter>
    </ClInclude>
    <ClInclude Include="Source\DirectX\Public\Object\ObjectBase.h">
      <Filter>Source\DirectX\Public\Object</Filter>
    </ClInclude>
    <ClInclude Include="Source\DirectX\Public\Math\Rotator.h">
      <Filter>Source\DirectX\Public\Math</Filter>
    </ClInclude>
    <ClInclude Include="Source\DirectX\Public\Math\Vector.h">
      <Filter>Source\DirectX\Public\Math</Filter>
    </ClInclude>
    <ClInclude Include="Source\DirectX\Public\Math\Matrix.h">
      <Filter>Source\DirectX\Public\Math</Filter>
    </ClInclude>
    <ClInclude Include="Source\DirectX\Public\Render\Viewport\ScreenText.h">
      <Filter>Source\DirectX\Public\Render\Viewport</Filter>
    </ClInclude>
    <ClInclude Include="Source\DirectX\Public\Render\Factory\Texture.h">
      <Filter>Source\DirectX\Public\Render\Factory</Filter>
    </ClInclude>
    <ClInclude Include="Source\DirectX\Public\Render\Factory\Texture2D.h">
      <Filter>Source\DirectX\Public\Render\Factory</Filter>
    </ClInclude>
    <ClInclude Include="App.h">
      <Filter>Source</Filter>
    </ClInclude>
    <ClInclude Include="Window.h">
      <Filter>Source</Filter>
    </ClInclude>
    <ClInclude Include="Source\DirectX\Public\Delegate\Delegate.h">
      <Filter>Source\DirectX\Public\Delegate</Filter>
    </ClInclude>
    <ClInclude Include="Source\DirectX\Public\Object\LightBase.h">
      <Filter>Source\DirectX\Public\Object</Filter>
    </ClInclude>
    <ClInclude Include="Source\DirectX\Public\Object\SkyLight.h">
      <Filter>Source\DirectX\Public\Object</Filter>
    </ClInclude>
  </ItemGroup>
  <ItemGroup>
    <ClCompile Include="pch.cpp" />
    <ClCompile Include="Main.cpp" />
    <ClCompile Include="Source\DirectX\Private\Utils\DirectXUtils.cpp">
      <Filter>Source\DirectX\Private\Utils</Filter>
    </ClCompile>
    <ClCompile Include="Source\DirectX\Private\Render\Factory\RenderTargetView.cpp">
      <Filter>Source\DirectX\Private\Render\Factory</Filter>
    </ClCompile>
    <ClCompile Include="Source\DirectX\Private\Core\DirectX.cpp">
      <Filter>Source\DirectX\Private\Core</Filter>
    </ClCompile>
    <ClCompile Include="Source\DirectX\Private\Render\Factory\InputLayout.cpp">
      <Filter>Source\DirectX\Private\Render\Factory</Filter>
    </ClCompile>
    <ClCompile Include="Source\DirectX\Private\Render\Factory\Shader.cpp">
      <Filter>Source\DirectX\Private\Render\Factory</Filter>
    </ClCompile>
    <ClCompile Include="Source\DirectX\Private\Render\Factory\VertexBuffer.cpp">
      <Filter>Source\DirectX\Private\Render\Factory</Filter>
    </ClCompile>
    <ClCompile Include="Source\DirectX\Private\Render\Factory\VertexShader.cpp">
      <Filter>Source\DirectX\Private\Render\Factory</Filter>
    </ClCompile>
    <ClCompile Include="Source\DirectX\Private\Render\Factory\PixelShader.cpp">
      <Filter>Source\DirectX\Private\Render\Factory</Filter>
    </ClCompile>
    <ClCompile Include="Source\DirectX\Private\Render\Factory\ConstantBuffer.cpp">
      <Filter>Source\DirectX\Private\Render\Factory</Filter>
    </ClCompile>
    <ClCompile Include="Source\DirectX\Private\Render\Factory\SamplerState.cpp">
      <Filter>Source\DirectX\Private\Render\Factory</Filter>
    </ClCompile>
    <ClCompile Include="Source\DirectX\Private\Render\Factory\BlendState.cpp">
      <Filter>Source\DirectX\Private\Render\Factory</Filter>
    </ClCompile>
    <ClCompile Include="Source\DirectX\Private\Input\DirectXInput.cpp">
      <Filter>Source\DirectX\Private\Input</Filter>
    </ClCompile>
    <ClCompile Include="Source\DirectX\Private\Render\Factory\DepthStencilView.cpp">
      <Filter>Source\DirectX\Private\Render\Factory</Filter>
    </ClCompile>
    <ClCompile Include="Source\DirectX\Private\Math\Rect.cpp">
      <Filter>Source\DirectX\Private\Math</Filter>
    </ClCompile>
    <ClCompile Include="Source\DirectX\Private\Render\Factory\IndexBuffer.cpp">
      <Filter>Source\DirectX\Private\Render\Factory</Filter>
    </ClCompile>
    <ClCompile Include="Source\DirectX\WICTextureLoader\WICTextureLoader11.cpp">
      <Filter>Source\DirectX\WICTextureLoader</Filter>
    </ClCompile>
    <ClCompile Include="Source\DirectX\DDSTextureLoader\DDSTextureLoader11.cpp">
      <Filter>Source\DirectX\DDSTextureLoader</Filter>
    </ClCompile>
    <ClCompile Include="Source\DirectX\Private\Input\Camera.cpp">
      <Filter>Source\DirectX\Private\Input</Filter>
    </ClCompile>
    <ClCompile Include="Source\DirectX\Private\Render\Viewprort\ViewPort.cpp">
      <Filter>Source\DirectX\Private\Render\Viewport</Filter>
    </ClCompile>
    <ClCompile Include="Source\DirectX\Private\Render\World\SkySphere.cpp">
      <Filter>Source\DirectX\Private\Render\World</Filter>
    </ClCompile>
    <ClCompile Include="Source\DirectX\Private\Render\Factory\CubeTexture.cpp">
      <Filter>Source\DirectX\Private\Render\Factory</Filter>
    </ClCompile>
    <ClCompile Include="Source\DirectX\Private\Object\DrawCube.cpp">
      <Filter>Source\DirectX\Private\Object</Filter>
    </ClCompile>
    <ClCompile Include="Source\DirectX\Private\Object\DrawableObject.cpp">
      <Filter>Source\DirectX\Private\Object</Filter>
    </ClCompile>
    <ClCompile Include="Source\DirectX\Private\Core\DirectXResource.cpp">
      <Filter>Source\DirectX\Private\Core</Filter>
    </ClCompile>
    <ClCompile Include="Source\DirectX\Private\Math\Vertex.cpp">
      <Filter>Source\DirectX\Private\Math</Filter>
    </ClCompile>
    <ClCompile Include="Source\DirectX\Private\Render\Factory\Topology.cpp">
      <Filter>Source\DirectX\Private\Render\Factory</Filter>
    </ClCompile>
    <ClCompile Include="Source\DirectX\Private\Geometry\Cube.cpp">
      <Filter>Source\DirectX\Private\Geometry</Filter>
    </ClCompile>
    <ClCompile Include="Source\DirectX\Private\Geometry\Plane.cpp">
      <Filter>Source\DirectX\Private\Geometry</Filter>
    </ClCompile>
    <ClCompile Include="Source\DirectX\Private\Geometry\Sphere.cpp">
      <Filter>Source\DirectX\Private\Geometry</Filter>
    </ClCompile>
    <ClCompile Include="Source\DirectX\Private\Geometry\TriangleList.cpp">
      <Filter>Source\DirectX\Private\Geometry</Filter>
    </ClCompile>
    <ClCompile Include="Source\DirectX\Private\Render\Factory\Rasterizer.cpp">
      <Filter>Source\DirectX\Private\Render\Factory</Filter>
    </ClCompile>
    <ClCompile Include="Source\DirectX\Private\Render\Factory\Texture.cpp">
      <Filter>Source\DirectX\Private\Render\Factory</Filter>
    </ClCompile>
    <ClCompile Include="Source\DirectX\Private\Object\DrawPlane.cpp">
      <Filter>Source\DirectX\Private\Object</Filter>
    </ClCompile>
    <ClCompile Include="Source\DirectX\Private\Utils\String.cpp">
      <Filter>Source\DirectX\Private\Utils</Filter>
    </ClCompile>
    <ClCompile Include="Source\DirectX\Private\Render\Factory\TransformConstantBuffer.cpp">
      <Filter>Source\DirectX\Private\Render\Factory</Filter>
    </ClCompile>
    <ClCompile Include="Source\DirectX\Private\Object\DrawSphere.cpp">
      <Filter>Source\DirectX\Private\Object</Filter>
    </ClCompile>
    <ClCompile Include="Source\DirectX\Private\Object\PointLight.cpp">
      <Filter>Source\DirectX\Private\Object</Filter>
    </ClCompile>
    <ClCompile Include="Source\DirectX\Private\Input\CameraIndicator.cpp">
      <Filter>Source\DirectX\Private\Input</Filter>
    </ClCompile>
    <ClCompile Include="Source\DirectX\Private\Input\CameraProjection.cpp">
      <Filter>Source\DirectX\Private\Input</Filter>
    </ClCompile>
    <ClCompile Include="Source\DirectX\Private\Object\DrawPyramid.cpp">
      <Filter>Source\DirectX\Private\Object</Filter>
    </ClCompile>
    <ClCompile Include="Source\DirectX\Private\Math\Math.cpp">
      <Filter>Source\DirectX\Private\Math</Filter>
    </ClCompile>
    <ClCompile Include="Source\DirectX\Private\Object\ObjectBase.cpp">
      <Filter>Source\DirectX\Private\Object</Filter>
    </ClCompile>
    <ClCompile Include="Source\DirectX\Private\Math\Matrix.cpp">
      <Filter>Source\DirectX\Private\Math</Filter>
    </ClCompile>
    <ClCompile Include="Source\DirectX\Private\Math\Vector.cpp">
      <Filter>Source\DirectX\Private\Math</Filter>
    </ClCompile>
    <ClCompile Include="Source\DirectX\Private\Math\Rotator.cpp">
      <Filter>Source\DirectX\Private\Math</Filter>
    </ClCompile>
    <ClCompile Include="Source\DirectX\Private\Render\Viewport\ScreenText.cpp">
      <Filter>Source\DirectX\Private\Render\Viewport</Filter>
    </ClCompile>
    <ClCompile Include="Source\DirectX\Private\Render\Factory\Texture2D.cpp">
      <Filter>Source\DirectX\Private\Render\Factory</Filter>
    </ClCompile>
    <ClCompile Include="App.cpp">
      <Filter>Source</Filter>
    </ClCompile>
    <ClCompile Include="Window.cpp">
      <Filter>Source</Filter>
    </ClCompile>
    <ClCompile Include="Source\DirectX\Private\Object\LightBase.cpp">
      <Filter>Source\DirectX\Private\Object</Filter>
    </ClCompile>
    <ClCompile Include="Source\DirectX\Private\Object\SkyLight.cpp">
      <Filter>Source\DirectX\Private\Object</Filter>
    </ClCompile>
  </ItemGroup>
  <ItemGroup>
    <ResourceCompile Include="resource.rc" />
  </ItemGroup>
  <ItemGroup>
    <Image Include="directx.ico">
      <Filter>Assets</Filter>
    </Image>
  </ItemGroup>
  <ItemGroup>
    <Manifest Include="settings.manifest">
      <Filter>Assets</Filter>
    </Manifest>
  </ItemGroup>
  <ItemGroup>
    <FxCompile Include="Shader\Shader.hlsl">
      <Filter>Shader</Filter>
    </FxCompile>
    <FxCompile Include="Shader\Light_Point.hlsl">
      <Filter>Shader</Filter>
    </FxCompile>
    <FxCompile Include="Shader\Light_Directional.hlsl">
      <Filter>Shader</Filter>
    </FxCompile>
    <FxCompile Include="Shader\SkyMap.hlsl">
      <Filter>Shader</Filter>
    </FxCompile>
    <FxCompile Include="Shader\ScreenText.hlsl">
      <Filter>Shader</Filter>
    </FxCompile>
  </ItemGroup>
  <ItemGroup>
    <None Include="Readme.md" />
  </ItemGroup>
</Project>