<?xml version="1.0" encoding="utf-8"?>
<Project ToolsVersion="4.0" xmlns="http://schemas.microsoft.com/developer/msbuild/2003">
  <ItemGroup>
    <Filter Include="Assets">
      <UniqueIdentifier>74e7337a-31c1-4fba-82b5-19ca4ae915fc</UniqueIdentifier>
      <Extensions>ico;cur;bmp;dds;dlg;fbx;rct;bin;rgs;gif;jpg;jpeg;jpe;resx;tga;tiff;tif;png;wav;mfcribbon-ms</Extensions>
    </Filter>
    <Filter Include="Source">
      <UniqueIdentifier>{15080443-5de6-448c-b247-6a6ef81fad18}</UniqueIdentifier>
    </Filter>
    <Filter Include="Source\DirectX">
      <UniqueIdentifier>{fac9a38e-7445-4c76-8eef-0b6a365ade33}</UniqueIdentifier>
    </Filter>
    <Filter Include="Source\DirectX\Public">
      <UniqueIdentifier>{41d5eaed-cbbe-4e2b-903d-3585a533f6c3}</UniqueIdentifier>
    </Filter>
    <Filter Include="Source\DirectX\Private">
      <UniqueIdentifier>{1cc41421-ec88-4c11-a5b1-652d0f465e82}</UniqueIdentifier>
    </Filter>
    <Filter Include="Shader">
      <UniqueIdentifier>{d27460b7-cb7d-4beb-8d98-d5f100e5a139}</UniqueIdentifier>
    </Filter>
    <Filter Include="Source\DirectX\Private\Core">
      <UniqueIdentifier>{f6ee1685-ee49-4ee3-b0aa-73857c9ae07c}</UniqueIdentifier>
    </Filter>
    <Filter Include="Source\DirectX\Private\Render">
      <UniqueIdentifier>{93804615-3af3-48b8-a32b-fb8f091e7aa3}</UniqueIdentifier>
    </Filter>
    <Filter Include="Source\DirectX\Public\Core">
      <UniqueIdentifier>{d3dd3f66-a58b-4be9-b534-cc681c470237}</UniqueIdentifier>
    </Filter>
    <Filter Include="Source\DirectX\Public\Render">
      <UniqueIdentifier>{dcaaf732-0613-473a-9ce7-64c5c5efe9fe}</UniqueIdentifier>
    </Filter>
    <Filter Include="Source\DirectX\Private\Utils">
      <UniqueIdentifier>{66e75d4a-39f9-490e-b1bb-d834e31ec5d1}</UniqueIdentifier>
    </Filter>
    <Filter Include="Source\DirectX\Public\Utils">
      <UniqueIdentifier>{9bae8e1b-5cb9-41d4-82dd-38d98326c30d}</UniqueIdentifier>
    </Filter>
    <Filter Include="Source\DirectX\Private\Input">
      <UniqueIdentifier>{bb674d11-420a-4ef0-9286-1db336434864}</UniqueIdentifier>
    </Filter>
    <Filter Include="Source\DirectX\Public\Input">
      <UniqueIdentifier>{a92a1cb5-9ee0-45e1-b848-2265a254433d}</UniqueIdentifier>
    </Filter>
    <Filter Include="Source\DirectX\Public\Math">
      <UniqueIdentifier>{bf01354a-cf6c-4870-b888-13fe94534888}</UniqueIdentifier>
    </Filter>
    <Filter Include="Source\DirectX\Private\Math">
      <UniqueIdentifier>{2851a57a-7714-4c90-a420-cdea9676f8c4}</UniqueIdentifier>
    </Filter>
    <Filter Include="Source\DirectX\Private\Geometry">
      <UniqueIdentifier>{fa70d723-3996-4181-a9a2-0c7c8d4e04b7}</UniqueIdentifier>
    </Filter>
    <Filter Include="Source\DirectX\Public\Geometry">
      <UniqueIdentifier>{3b1bbb71-4d89-4f18-a23d-17bdad62971c}</UniqueIdentifier>
    </Filter>
    <Filter Include="Source\DirectX\Private\Object">
      <UniqueIdentifier>{6a273b45-d908-4fc8-986d-3782f9538507}</UniqueIdentifier>
    </Filter>
    <Filter Include="Source\DirectX\Public\Object">
      <UniqueIdentifier>{f21213f9-ea6a-43b0-b242-c984f23d9bf8}</UniqueIdentifier>
    </Filter>
    <Filter Include="Source\DirectX\Public\Delegate">
      <UniqueIdentifier>{7aa0817b-932f-4f76-9efd-444bcf8867d6}</UniqueIdentifier>
    </Filter>
    <Filter Include="Source\DirectX\Public\Object\Widget">
      <UniqueIdentifier>{2f97230d-b228-4a55-93d8-669c303a8523}</UniqueIdentifier>
    </Filter>
    <Filter Include="Source\DirectX\Private\Object\Widget">
      <UniqueIdentifier>{83b19585-2a15-42d0-9ac8-83a62c6f3b79}</UniqueIdentifier>
    </Filter>
    <Filter Include="SDK">
      <UniqueIdentifier>{70f44241-610f-4353-9c20-afd41eadaf5e}</UniqueIdentifier>
    </Filter>
    <Filter Include="SDK\DXTex">
      <UniqueIdentifier>{70cc0725-22eb-4ad2-83f9-f7be79a4f2e8}</UniqueIdentifier>
    </Filter>
    <Filter Include="SDK\DXTex\include">
      <UniqueIdentifier>{6a299b65-ced2-46eb-af2c-39ce028aee6b}</UniqueIdentifier>
    </Filter>
    <Filter Include="SDK\DXTex\include\Public">
      <UniqueIdentifier>{86155017-4540-4f43-9dee-e026329d4eba}</UniqueIdentifier>
    </Filter>
    <Filter Include="SDK\DXTex\include\Private">
      <UniqueIdentifier>{ab7c437b-f9c7-4808-a5fa-0c6c87d3d340}</UniqueIdentifier>
    </Filter>
    <Filter Include="Source\Engine">
      <UniqueIdentifier>{be9a5453-a48b-4fe4-9d99-d926a1508c2d}</UniqueIdentifier>
    </Filter>
    <Filter Include="Source\Engine\Public">
      <UniqueIdentifier>{b7c60861-5a70-410e-b7c4-bf3f3743e812}</UniqueIdentifier>
    </Filter>
    <Filter Include="Source\Engine\Private">
      <UniqueIdentifier>{d5736a0f-6f24-4e7f-b18e-2671806c1b37}</UniqueIdentifier>
    </Filter>
    <Filter Include="Source\Engine\Private\Algorithm">
      <UniqueIdentifier>{1b3b1267-df98-4f25-8dc6-26ab848ae173}</UniqueIdentifier>
    </Filter>
    <Filter Include="Source\Engine\Public\Algorithm">
      <UniqueIdentifier>{912e2589-997b-4a8d-a05f-c8f959247c1c}</UniqueIdentifier>
    </Filter>
    <Filter Include="Source\Engine\Public\UI">
      <UniqueIdentifier>{d0aa68fc-f689-4b81-9600-6a08b4d89b6f}</UniqueIdentifier>
    </Filter>
    <Filter Include="Source\Engine\Private\Object">
      <UniqueIdentifier>{6d5c2893-fe4e-4163-a1c6-942dd9ff0fe4}</UniqueIdentifier>
    </Filter>
    <Filter Include="Source\Engine\Public\Object">
      <UniqueIdentifier>{83868b78-8fb7-4cc1-ac06-b6f0db12ad5c}</UniqueIdentifier>
    </Filter>
    <Filter Include="Source\Engine\Private\UI">
      <UniqueIdentifier>{76c5f4c2-76fd-49ce-9bde-d995586c3079}</UniqueIdentifier>
    </Filter>
    <Filter Include="Source\Engine\Public\Component">
      <UniqueIdentifier>{91be71c7-13a0-4fa0-b0c7-466fc0354971}</UniqueIdentifier>
    </Filter>
    <Filter Include="Source\Engine\Private\Component">
      <UniqueIdentifier>{1e767630-b08c-4c2a-9915-2244c0b6e1da}</UniqueIdentifier>
    </Filter>
    <Filter Include="Source\Engine\Public\Helper">
      <UniqueIdentifier>{66b1c244-b0f7-4d25-8fca-90ddf04f4916}</UniqueIdentifier>
    </Filter>
    <Filter Include="Source\Engine\Public\Engine">
      <UniqueIdentifier>{48089475-6725-4da1-841f-051e3de93dfa}</UniqueIdentifier>
    </Filter>
    <Filter Include="Source\Engine\Private\Engine">
      <UniqueIdentifier>{dc6895df-7e90-43f3-bdb3-6340ba745586}</UniqueIdentifier>
    </Filter>
    <Filter Include="Source\Engine\Private\Framework">
      <UniqueIdentifier>{1bbc4391-892c-4a4e-9528-5500639d354e}</UniqueIdentifier>
    </Filter>
    <Filter Include="Source\Engine\Private\Framework\Level">
      <UniqueIdentifier>{3c1af9d2-08bb-4478-9466-7f933610a7c2}</UniqueIdentifier>
    </Filter>
    <Filter Include="Source\Engine\Private\Slate">
      <UniqueIdentifier>{28b33b12-4641-4296-b303-4495401285ad}</UniqueIdentifier>
    </Filter>
    <Filter Include="Source\Engine\Private\Math">
      <UniqueIdentifier>{51030a1f-a786-42a7-b4c1-99472a2ca948}</UniqueIdentifier>
    </Filter>
    <Filter Include="Source\Engine\Public\Framework">
      <UniqueIdentifier>{1374d2f8-1bb0-49bf-8c77-c6c860fb3a8d}</UniqueIdentifier>
    </Filter>
    <Filter Include="Source\Engine\Public\Framework\Level">
      <UniqueIdentifier>{2d53b411-cd9b-478d-8984-d391fefb02f1}</UniqueIdentifier>
    </Filter>
    <Filter Include="Source\Engine\Public\Math">
      <UniqueIdentifier>{60efe3e8-bd3c-456c-9870-b045825df6c3}</UniqueIdentifier>
    </Filter>
    <Filter Include="Source\Engine\Public\Slate">
      <UniqueIdentifier>{07ee9350-8921-4552-a41e-8d87a7933506}</UniqueIdentifier>
    </Filter>
    <Filter Include="Source\Engine\Public\Slate\Message">
      <UniqueIdentifier>{e7c0e955-32d5-41f0-a991-a92a95d3684e}</UniqueIdentifier>
    </Filter>
    <Filter Include="Source\Engine\Private\Slate\Message">
      <UniqueIdentifier>{1e3c0a73-4b7b-43ff-9c51-7efeddd17491}</UniqueIdentifier>
    </Filter>
    <Filter Include="Source\Application">
      <UniqueIdentifier>{89bc185b-cc89-4292-973a-a4586c3404bb}</UniqueIdentifier>
    </Filter>
    <Filter Include="Source\Application\Public">
      <UniqueIdentifier>{5fb1db56-b722-4e41-9c01-c1741412ab17}</UniqueIdentifier>
    </Filter>
    <Filter Include="Source\Application\Private">
      <UniqueIdentifier>{4a86158c-7576-4fae-a81e-1061bd2a0c22}</UniqueIdentifier>
    </Filter>
    <Filter Include="Source\Application\Private\GameMode">
      <UniqueIdentifier>{ed6b1817-71b9-476c-8540-be711662fb13}</UniqueIdentifier>
    </Filter>
    <Filter Include="Source\Application\Public\GameMode">
      <UniqueIdentifier>{5019a9d8-1c4d-4cca-8fdd-7a8c5a25a0be}</UniqueIdentifier>
    </Filter>
    <Filter Include="Source\Application\Private\GameState">
      <UniqueIdentifier>{01328096-296e-49f0-aef7-cc36343aaab5}</UniqueIdentifier>
    </Filter>
    <Filter Include="Source\Application\Public\GameState">
      <UniqueIdentifier>{d1af34ad-7204-44ca-ba19-cda49d329e61}</UniqueIdentifier>
    </Filter>
    <Filter Include="Source\Application\Private\UI">
      <UniqueIdentifier>{3ccd1c58-2df1-498a-be56-8e42b29f9609}</UniqueIdentifier>
    </Filter>
    <Filter Include="Source\Application\Public\UI">
      <UniqueIdentifier>{1635e563-0708-4e56-9bd0-3e1633c3964f}</UniqueIdentifier>
    </Filter>
    <Filter Include="Source\Application\Public\Level">
      <UniqueIdentifier>{4e634539-6f33-4609-bc31-2ad3994ae258}</UniqueIdentifier>
    </Filter>
    <Filter Include="Source\Application\Private\Level">
      <UniqueIdentifier>{56eaa4e3-2c6c-4c60-a070-5c291be1193a}</UniqueIdentifier>
    </Filter>
    <Filter Include="Source\Application\Private\World">
      <UniqueIdentifier>{a163abaa-0ea5-4407-b92c-edfddee4992d}</UniqueIdentifier>
    </Filter>
    <Filter Include="Source\Application\Public\World">
      <UniqueIdentifier>{c3eabf58-3403-4c14-837a-815514c7455a}</UniqueIdentifier>
    </Filter>
    <Filter Include="Source\Application\Public\Actor">
      <UniqueIdentifier>{6b73d1bd-0b34-42e8-a33e-61cf3ddcaeeb}</UniqueIdentifier>
    </Filter>
    <Filter Include="Source\Application\Private\Actor">
      <UniqueIdentifier>{c69a3ad8-7a40-451b-bb8b-727a38684d6f}</UniqueIdentifier>
    </Filter>
    <Filter Include="Source\Application\Public\Actor\Character">
      <UniqueIdentifier>{f79d3c62-5966-42af-9c1f-6f22f3734e6c}</UniqueIdentifier>
    </Filter>
    <Filter Include="Source\Application\Public\Actor\Ground">
      <UniqueIdentifier>{d6e3f129-85f7-4dcd-952f-c828ee58d113}</UniqueIdentifier>
    </Filter>
    <Filter Include="Source\Application\Private\Actor\Character">
      <UniqueIdentifier>{07068b9e-d206-4942-956d-778763fc7167}</UniqueIdentifier>
    </Filter>
    <Filter Include="Source\Application\Private\Actor\Ground">
      <UniqueIdentifier>{28aa674c-7fa9-4a4c-ad82-dd618ee679b6}</UniqueIdentifier>
    </Filter>
    <Filter Include="Source\Application\Private\Controller">
      <UniqueIdentifier>{63ceafdd-c005-4738-a96e-71284b3bfe13}</UniqueIdentifier>
    </Filter>
    <Filter Include="Source\Application\Public\Controller">
      <UniqueIdentifier>{f5abc5e5-9ca6-4e7b-978b-14cfa3d61f50}</UniqueIdentifier>
    </Filter>
    <Filter Include="SDK\nlohmann">
      <UniqueIdentifier>{2909f4c2-95eb-483f-817d-a93db2c49bef}</UniqueIdentifier>
    </Filter>
    <Filter Include="Config">
      <UniqueIdentifier>{8c6aad6f-6f7b-4722-9143-b3d1f47da498}</UniqueIdentifier>
    </Filter>
    <Filter Include="Source\Engine\Private\Helper">
      <UniqueIdentifier>{0cc79391-c1c4-4f3d-98ba-73faafb4d946}</UniqueIdentifier>
    </Filter>
  </ItemGroup>
  <ItemGroup>
    <ClInclude Include="Source\DirectX\DirectXHead.h">
      <Filter>Source\DirectX</Filter>
    </ClInclude>
    <ClInclude Include="Source\DirectX\Public\Utils\DirectXUtils.h">
      <Filter>Source\DirectX\Public\Utils</Filter>
    </ClInclude>
    <ClInclude Include="Source\DirectX\Public\Core\DirectX.h">
      <Filter>Source\DirectX\Public\Core</Filter>
    </ClInclude>
    <ClInclude Include="Source\DirectX\Public\Math\Vertex.h">
      <Filter>Source\DirectX\Public\Math</Filter>
    </ClInclude>
    <ClInclude Include="Source\DirectX\Public\Core\DirectXTex.h">
      <Filter>Source\DirectX\Public\Core</Filter>
    </ClInclude>
    <ClInclude Include="Source\DirectX\Public\Object\DrawableObject.h">
      <Filter>Source\DirectX\Public\Object</Filter>
    </ClInclude>
    <ClInclude Include="Source\DirectX\Public\Core\DirectXResource.h">
      <Filter>Source\DirectX\Public\Core</Filter>
    </ClInclude>
    <ClInclude Include="Source\DirectX\Public\Geometry\Plane.h">
      <Filter>Source\DirectX\Public\Geometry</Filter>
    </ClInclude>
    <ClInclude Include="Source\DirectX\Public\Geometry\TriangleList.h">
      <Filter>Source\DirectX\Public\Geometry</Filter>
    </ClInclude>
    <ClInclude Include="Source\DirectX\Public\Math\Math.h">
      <Filter>Source\DirectX\Public\Math</Filter>
    </ClInclude>
    <ClInclude Include="Source\DirectX\Public\Utils\String.h">
      <Filter>Source\DirectX\Public\Utils</Filter>
    </ClInclude>
    <ClInclude Include="Source\DirectX\Public\Object\ObjectBase.h">
      <Filter>Source\DirectX\Public\Object</Filter>
    </ClInclude>
    <ClInclude Include="Source\DirectX\Public\Delegate\Delegate.h">
      <Filter>Source\DirectX\Public\Delegate</Filter>
    </ClInclude>
    <ClInclude Include="Source\DirectX\Public\Object\Sprite.h">
      <Filter>Source\DirectX\Public\Object</Filter>
    </ClInclude>
    <ClInclude Include="Source\DirectX\Public\Object\DrawableObject2D.h">
      <Filter>Source\DirectX\Public\Object</Filter>
    </ClInclude>
    <ClInclude Include="Source\DirectX\Public\Input\Keyboard.h">
      <Filter>Source\DirectX\Public\Input</Filter>
    </ClInclude>
    <ClInclude Include="Source\DirectX\Public\Object\Widget\WidgetBase.h">
      <Filter>Source\DirectX\Public\Object\Widget</Filter>
    </ClInclude>
    <ClInclude Include="Source\DirectX\Public\Input\Controller.h">
      <Filter>Source\DirectX\Public\Input</Filter>
    </ClInclude>
    <ClInclude Include="Source\DirectX\Public\Input\MouseInterface.h">
      <Filter>Source\DirectX\Public\Input</Filter>
    </ClInclude>
    <ClInclude Include="Source\DirectX\Public\Input\Mouse.h">
      <Filter>Source\DirectX\Public\Input</Filter>
    </ClInclude>
    <ClInclude Include="Source\DirectX\Public\Input\ControllerInterface.h">
      <Filter>Source\DirectX\Public\Input</Filter>
    </ClInclude>
    <ClInclude Include="SDK\DXTex\include\Public\DDSTextureLoader11.h">
      <Filter>SDK\DXTex\include\Public</Filter>
    </ClInclude>
    <ClInclude Include="SDK\DXTex\include\Public\WICTextureLoader11.h">
      <Filter>SDK\DXTex\include\Public</Filter>
    </ClInclude>
    <ClInclude Include="Source\Engine\Public\Algorithm\UnionFind.h">
      <Filter>Source\Engine\Public\Algorithm</Filter>
    </ClInclude>
    <ClInclude Include="Source\Engine\Public\Algorithm\algo.h">
      <Filter>Source\Engine\Public\Algorithm</Filter>
    </ClInclude>
    <ClInclude Include="Source\Engine\Public\Algorithm\Array.h">
      <Filter>Source\Engine\Public\Algorithm</Filter>
    </ClInclude>
    <ClInclude Include="Source\Engine\Public\Algorithm\Random.h">
      <Filter>Source\Engine\Public\Algorithm</Filter>
    </ClInclude>
    <ClInclude Include="Source\pch.h">
      <Filter>Source</Filter>
    </ClInclude>
    <ClInclude Include="Source\Engine\Public\Object\Actor.h">
      <Filter>Source\Engine\Public\Object</Filter>
    </ClInclude>
    <ClInclude Include="Source\Engine\Public\UI\UserWidget.h">
      <Filter>Source\Engine\Public\UI</Filter>
    </ClInclude>
    <ClInclude Include="Source\Engine\Public\UI\WidgetAnimation.h">
      <Filter>Source\Engine\Public\UI</Filter>
    </ClInclude>
    <ClInclude Include="Source\Engine\Public\Object\Object.h">
      <Filter>Source\Engine\Public\Object</Filter>
    </ClInclude>
    <ClInclude Include="Source\Engine\Public\Helper\ColorHelper.h">
      <Filter>Source\Engine\Public\Helper</Filter>
    </ClInclude>
    <ClInclude Include="Source\Engine\Public\Engine\Color.h">
      <Filter>Source\Engine\Public\Engine</Filter>
    </ClInclude>
    <ClInclude Include="Source\Engine\Public\Engine\Delegate.h">
      <Filter>Source\Engine\Public\Engine</Filter>
    </ClInclude>
    <ClInclude Include="Source\Engine\Public\Engine\Timer.h">
      <Filter>Source\Engine\Public\Engine</Filter>
    </ClInclude>
    <ClInclude Include="Source\Engine\Public\Algorithm\Math2.h">
      <Filter>Source\Engine\Public\Algorithm</Filter>
    </ClInclude>
    <ClInclude Include="Source\Engine\Public\Helper\RectHelper.h">
      <Filter>Source\Engine\Public\Helper</Filter>
    </ClInclude>
    <ClInclude Include="Source\Engine\Public\UI\WidgetAnimationTypes.h">
      <Filter>Source\Engine\Public\UI</Filter>
    </ClInclude>
    <ClInclude Include="Source\Engine\Public\Component\ActorComponent.h">
      <Filter>Source\Engine\Public\Component</Filter>
    </ClInclude>
    <ClInclude Include="Source\Engine\Public\Helper\VectorHelper.h">
      <Filter>Source\Engine\Public\Helper</Filter>
    </ClInclude>
    <ClInclude Include="Source\Application\Public\App.h">
      <Filter>Source\Application\Public</Filter>
    </ClInclude>
    <ClInclude Include="Source\Engine\Public\Slate\Border.h">
      <Filter>Source\Engine\Public\Slate</Filter>
    </ClInclude>
    <ClInclude Include="Source\Engine\Public\Math\Box.h">
      <Filter>Source\Engine\Public\Math</Filter>
    </ClInclude>
    <ClInclude Include="Source\Engine\Public\Slate\Button.h">
      <Filter>Source\Engine\Public\Slate</Filter>
    </ClInclude>
    <ClInclude Include="Source\Engine\Public\Engine\Audio.h">
      <Filter>Source\Engine\Public\Engine</Filter>
    </ClInclude>
    <ClInclude Include="Source\Engine\Public\Slate\CanvasPanel.h">
      <Filter>Source\Engine\Public\Slate</Filter>
    </ClInclude>
    <ClInclude Include="Source\Engine\Public\Slate\Message\ChoiceTypes.h">
      <Filter>Source\Engine\Public\Slate\Message</Filter>
    </ClInclude>
    <ClInclude Include="Source\Engine\Public\EngineSettings.h">
      <Filter>Source\Engine\Public</Filter>
    </ClInclude>
    <ClInclude Include="Source\Engine\Public\Framework\GameInstance.h">
      <Filter>Source\Engine\Public\Framework</Filter>
    </ClInclude>
    <ClInclude Include="Source\Engine\Public\Framework\GameModeBase.h">
      <Filter>Source\Engine\Public\Framework</Filter>
    </ClInclude>
    <ClInclude Include="Source\Application\Public\GameSettings.h">
      <Filter>Source\Application\Public</Filter>
    </ClInclude>
    <ClInclude Include="Source\Engine\Public\Framework\GameStateBase.h">
      <Filter>Source\Engine\Public\Framework</Filter>
    </ClInclude>
    <ClInclude Include="Source\Engine\Public\Slate\GridPanel.h">
      <Filter>Source\Engine\Public\Slate</Filter>
    </ClInclude>
    <ClInclude Include="Source\Engine\Public\Slate\HorizontalBox.h">
      <Filter>Source\Engine\Public\Slate</Filter>
    </ClInclude>
    <ClInclude Include="Source\Application\Public\UI\LandmarkUI.h">
      <Filter>Source\Application\Public\UI</Filter>
    </ClInclude>
    <ClInclude Include="Source\Engine\Public\Slate\Image.h">
      <Filter>Source\Engine\Public\Slate</Filter>
    </ClInclude>
    <ClInclude Include="Source\Engine\Public\Framework\Level\Level.h">
      <Filter>Source\Engine\Public\Framework\Level</Filter>
    </ClInclude>
    <ClInclude Include="Source\Engine\Public\Math\Matrix.h">
      <Filter>Source\Engine\Public\Math</Filter>
    </ClInclude>
    <ClInclude Include="Source\Engine\Public\Slate\Overlay.h">
      <Filter>Source\Engine\Public\Slate</Filter>
    </ClInclude>
    <ClInclude Include="Source\Engine\Public\Slate\ProgressBar.h">
      <Filter>Source\Engine\Public\Slate</Filter>
    </ClInclude>
    <ClInclude Include="Source\Engine\Public\Math\Rect.h">
      <Filter>Source\Engine\Public\Math</Filter>
    </ClInclude>
    <ClInclude Include="Source\Engine\Public\Math\Rotator.h">
      <Filter>Source\Engine\Public\Math</Filter>
    </ClInclude>
    <ClInclude Include="Source\Engine\Public\Framework\PlayerController.h">
      <Filter>Source\Engine\Public\Framework</Filter>
    </ClInclude>
    <ClInclude Include="Source\Engine\Public\Slate\Message\S_ChoiceBox.h">
      <Filter>Source\Engine\Public\Slate\Message</Filter>
    </ClInclude>
    <ClInclude Include="Source\Engine\Public\Slate\Message\S_ChoiceButton.h">
      <Filter>Source\Engine\Public\Slate\Message</Filter>
    </ClInclude>
    <ClInclude Include="Source\Engine\Public\Slate\SlateBase.h">
      <Filter>Source\Engine\Public\Slate</Filter>
    </ClInclude>
    <ClInclude Include="Source\Engine\Public\Slate\SlateContainerBase.h">
      <Filter>Source\Engine\Public\Slate</Filter>
    </ClInclude>
    <ClInclude Include="Source\Engine\Public\Slate\SlateInterface.h">
      <Filter>Source\Engine\Public\Slate</Filter>
    </ClInclude>
    <ClInclude Include="Source\Engine\Public\Slate\SlateSlotBase.h">
      <Filter>Source\Engine\Public\Slate</Filter>
    </ClInclude>
    <ClInclude Include="Source\Engine\Public\Slate\Spacer.h">
      <Filter>Source\Engine\Public\Slate</Filter>
    </ClInclude>
    <ClInclude Include="Source\Engine\Public\Slate\TextBlock.h">
      <Filter>Source\Engine\Public\Slate</Filter>
    </ClInclude>
    <ClInclude Include="Source\Engine\Public\Math\Vector.h">
      <Filter>Source\Engine\Public\Math</Filter>
    </ClInclude>
    <ClInclude Include="Source\Application\Public\Window.h">
      <Filter>Source\Application\Public</Filter>
    </ClInclude>
    <ClInclude Include="Source\Engine\Public\Slate\VerticalBox.h">
      <Filter>Source\Engine\Public\Slate</Filter>
    </ClInclude>
    <ClInclude Include="Source\Engine\Public\Framework\World.h">
      <Filter>Source\Engine\Public\Framework</Filter>
    </ClInclude>
    <ClInclude Include="Source\Application\Public\GameState\GameState.h">
      <Filter>Source\Application\Public\GameState</Filter>
    </ClInclude>
    <ClInclude Include="Source\Application\Public\Actor\Actor2D.h">
      <Filter>Source\Application\Public\Actor</Filter>
    </ClInclude>
    <ClInclude Include="Source\Application\Public\Actor\Actor2DTypes.h">
      <Filter>Source\Application\Public\Actor</Filter>
    </ClInclude>
    <ClInclude Include="Source\Application\Public\Actor\Ground\GroundBase.h">
      <Filter>Source\Application\Public\Actor\Ground</Filter>
    </ClInclude>
    <ClInclude Include="Source\Application\Public\Actor\Ground\GroundTypes.h">
      <Filter>Source\Application\Public\Actor\Ground</Filter>
    </ClInclude>
    <ClInclude Include="Source\Engine\Public\Component\SpriteComponent.h">
      <Filter>Source\Engine\Public\Component</Filter>
    </ClInclude>
    <ClInclude Include="Source\Engine\Public\Component\ComponentBase.h">
      <Filter>Source\Engine\Public\Component</Filter>
    </ClInclude>
    <ClInclude Include="Source\Engine\Public\Helper\BoxHelper.h">
      <Filter>Source\Engine\Public\Helper</Filter>
    </ClInclude>
    <ClInclude Include="Source\Application\Public\Level\Level2D.h">
      <Filter>Source\Application\Public\Level</Filter>
    </ClInclude>
    <ClInclude Include="Source\Application\Public\Controller\PlayerController_TokoPuyo.h">
      <Filter>Source\Application\Public\Controller</Filter>
    </ClInclude>
    <ClInclude Include="SDK\nlohmann\json.hpp">
      <Filter>SDK\nlohmann</Filter>
    </ClInclude>
    <ClInclude Include="Source\Application\Public\Level\ObjectCollection2D.h">
      <Filter>Source\Application\Public\Level</Filter>
    </ClInclude>
    <ClInclude Include="Source\Engine\Public\Framework\Level\ObjectCollection.h">
      <Filter>Source\Engine\Public\Framework\Level</Filter>
    </ClInclude>
    <ClInclude Include="Source\Engine\Public\Framework\Level\Layer.h">
      <Filter>Source\Engine\Public\Framework\Level</Filter>
    </ClInclude>
    <ClInclude Include="Source\Application\Public\Level\LevelTypes.h">
      <Filter>Source\Application\Public\Level</Filter>
    </ClInclude>
    <ClInclude Include="Source\Application\Public\Level\Level_TokoPuyo.h">
      <Filter>Source\Application\Public\Level</Filter>
    </ClInclude>
    <ClInclude Include="Source\Application\Public\World\World_TokoPuyo.h">
      <Filter>Source\Application\Public\World</Filter>
    </ClInclude>
    <ClInclude Include="Source\Application\Public\GameState\GameState_TokoPuyo.h">
      <Filter>Source\Application\Public\GameState</Filter>
    </ClInclude>
    <ClInclude Include="Source\Application\Public\GameState\GameState_PlayTypes.h">
      <Filter>Source\Application\Public\GameState</Filter>
    </ClInclude>
    <ClInclude Include="Source\Application\Public\GameMode\GameMode_TokoPuyo.h">
      <Filter>Source\Application\Public\GameMode</Filter>
    </ClInclude>
    <ClInclude Include="Source\Application\Public\GameMode\GameMode.h">
      <Filter>Source\Application\Public\GameMode</Filter>
    </ClInclude>
    <ClInclude Include="Source\Application\Public\Actor\Character\PuyoTypes.h">
      <Filter>Source\Application\Public\Actor\Character</Filter>
    </ClInclude>
    <ClInclude Include="Source\Application\Public\Actor\Character\Puyo.h">
      <Filter>Source\Application\Public\Actor\Character</Filter>
    </ClInclude>
    <ClInclude Include="Source\Application\Public\UI\GameProgressUI.h">
      <Filter>Source\Application\Public\UI</Filter>
    </ClInclude>
    <ClInclude Include="Source\Application\Public\UI\GameOverUI.h">
      <Filter>Source\Application\Public\UI</Filter>
    </ClInclude>
    <ClInclude Include="Source\Application\Public\GameState\GameState_Play.h">
      <Filter>Source\Application\Public\GameState</Filter>
    </ClInclude>
    <ClInclude Include="Source\Application\Public\UI\TitleUI.h">
      <Filter>Source\Application\Public\UI</Filter>
    </ClInclude>
    <ClInclude Include="Source\Application\Public\Level\Level_Title.h">
      <Filter>Source\Application\Public\Level</Filter>
    </ClInclude>
    <ClInclude Include="Source\Application\Public\World\World_Title.h">
      <Filter>Source\Application\Public\World</Filter>
    </ClInclude>
    <ClInclude Include="Source\Application\Public\World\WorldTypes.h">
      <Filter>Source\Application\Public\World</Filter>
    </ClInclude>
    <ClInclude Include="Source\DirectX\Public\Render\Bindable.h">
      <Filter>Source\DirectX\Public\Render</Filter>
    </ClInclude>
    <ClInclude Include="Source\DirectX\Public\Render\BindableManager.h">
      <Filter>Source\DirectX\Public\Render</Filter>
    </ClInclude>
    <ClInclude Include="Source\DirectX\Public\Render\BlendState.h">
      <Filter>Source\DirectX\Public\Render</Filter>
    </ClInclude>
    <ClInclude Include="Source\DirectX\Public\Render\ConstantBuffer.h">
      <Filter>Source\DirectX\Public\Render</Filter>
    </ClInclude>
    <ClInclude Include="Source\DirectX\Public\Render\CubeTexture.h">
      <Filter>Source\DirectX\Public\Render</Filter>
    </ClInclude>
    <ClInclude Include="Source\DirectX\Public\Render\DepthStencilState.h">
      <Filter>Source\DirectX\Public\Render</Filter>
    </ClInclude>
    <ClInclude Include="Source\DirectX\Public\Render\DepthStencilView.h">
      <Filter>Source\DirectX\Public\Render</Filter>
    </ClInclude>
    <ClInclude Include="Source\DirectX\Public\Render\IndexBuffer.h">
      <Filter>Source\DirectX\Public\Render</Filter>
    </ClInclude>
    <ClInclude Include="Source\DirectX\Public\Render\InputLayout.h">
      <Filter>Source\DirectX\Public\Render</Filter>
    </ClInclude>
    <ClInclude Include="Source\DirectX\Public\Render\PixelShader.h">
      <Filter>Source\DirectX\Public\Render</Filter>
    </ClInclude>
    <ClInclude Include="Source\DirectX\Public\Render\Rasterizer.h">
      <Filter>Source\DirectX\Public\Render</Filter>
    </ClInclude>
    <ClInclude Include="Source\DirectX\Public\Render\RenderTargetView.h">
      <Filter>Source\DirectX\Public\Render</Filter>
    </ClInclude>
    <ClInclude Include="Source\DirectX\Public\Render\SamplerState.h">
      <Filter>Source\DirectX\Public\Render</Filter>
    </ClInclude>
    <ClInclude Include="Source\DirectX\Public\Render\ScreenText.h">
      <Filter>Source\DirectX\Public\Render</Filter>
    </ClInclude>
    <ClInclude Include="Source\DirectX\Public\Render\ScreenTexture.h">
      <Filter>Source\DirectX\Public\Render</Filter>
    </ClInclude>
    <ClInclude Include="Source\DirectX\Public\Render\Shader.h">
      <Filter>Source\DirectX\Public\Render</Filter>
    </ClInclude>
    <ClInclude Include="Source\DirectX\Public\Render\Texture.h">
      <Filter>Source\DirectX\Public\Render</Filter>
    </ClInclude>
    <ClInclude Include="Source\DirectX\Public\Render\Topology.h">
      <Filter>Source\DirectX\Public\Render</Filter>
    </ClInclude>
    <ClInclude Include="Source\DirectX\Public\Render\TransformConstantBuffer.h">
      <Filter>Source\DirectX\Public\Render</Filter>
    </ClInclude>
    <ClInclude Include="Source\DirectX\Public\Render\VertexBuffer.h">
      <Filter>Source\DirectX\Public\Render</Filter>
    </ClInclude>
    <ClInclude Include="Source\DirectX\Public\Render\VertexShader.h">
      <Filter>Source\DirectX\Public\Render</Filter>
    </ClInclude>
    <ClInclude Include="Source\DirectX\Public\Render\ViewPort.h">
      <Filter>Source\DirectX\Public\Render</Filter>
    </ClInclude>
    <ClInclude Include="Source\Application\Public\PtoGameInstance.h">
      <Filter>Source\Application\Public</Filter>
    </ClInclude>
    <ClInclude Include="Source\Engine\Public\Slate\Slider.h">
      <Filter>Source\Engine\Public\Slate</Filter>
    </ClInclude>
    <ClInclude Include="Source\Application\Public\UI\SettingsUI.h">
      <Filter>Source\Application\Public\UI</Filter>
    </ClInclude>
  </ItemGroup>
  <ItemGroup>
    <ClCompile Include="Source\DirectX\Private\Utils\DirectXUtils.cpp">
      <Filter>Source\DirectX\Private\Utils</Filter>
    </ClCompile>
    <ClCompile Include="Source\DirectX\Private\Core\DirectX.cpp">
      <Filter>Source\DirectX\Private\Core</Filter>
    </ClCompile>
    <ClCompile Include="Source\DirectX\Private\Object\DrawableObject.cpp">
      <Filter>Source\DirectX\Private\Object</Filter>
    </ClCompile>
    <ClCompile Include="Source\DirectX\Private\Core\DirectXResource.cpp">
      <Filter>Source\DirectX\Private\Core</Filter>
    </ClCompile>
    <ClCompile Include="Source\DirectX\Private\Math\Vertex.cpp">
      <Filter>Source\DirectX\Private\Math</Filter>
    </ClCompile>
    <ClCompile Include="Source\DirectX\Private\Geometry\Plane.cpp">
      <Filter>Source\DirectX\Private\Geometry</Filter>
    </ClCompile>
    <ClCompile Include="Source\DirectX\Private\Utils\String.cpp">
      <Filter>Source\DirectX\Private\Utils</Filter>
    </ClCompile>
    <ClCompile Include="Source\DirectX\Private\Math\Math.cpp">
      <Filter>Source\DirectX\Private\Math</Filter>
    </ClCompile>
    <ClCompile Include="Source\DirectX\Private\Object\ObjectBase.cpp">
      <Filter>Source\DirectX\Private\Object</Filter>
    </ClCompile>
    <ClCompile Include="Source\DirectX\Private\Object\Sprite.cpp">
      <Filter>Source\DirectX\Private\Object</Filter>
    </ClCompile>
    <ClCompile Include="Source\DirectX\Private\Object\DrawableObject2D.cpp">
      <Filter>Source\DirectX\Private\Object</Filter>
    </ClCompile>
    <ClCompile Include="Source\DirectX\Private\Input\Keyboard.cpp">
      <Filter>Source\DirectX\Private\Input</Filter>
    </ClCompile>
    <ClCompile Include="Source\DirectX\Private\Object\Widget\WidgetBase.cpp">
      <Filter>Source\DirectX\Private\Object\Widget</Filter>
    </ClCompile>
    <ClCompile Include="Source\DirectX\Private\Input\Controller.cpp">
      <Filter>Source\DirectX\Private\Input</Filter>
    </ClCompile>
    <ClCompile Include="Source\DirectX\Private\Input\Mouse.cpp">
      <Filter>Source\DirectX\Private\Input</Filter>
    </ClCompile>
    <ClCompile Include="SDK\DXTex\include\Private\DDSTextureLoader11.cpp">
      <Filter>SDK\DXTex\include\Private</Filter>
    </ClCompile>
    <ClCompile Include="SDK\DXTex\include\Private\WICTextureLoader11.cpp">
      <Filter>SDK\DXTex\include\Private</Filter>
    </ClCompile>
    <ClCompile Include="Source\Engine\Private\Algorithm\UnionFind.cpp">
      <Filter>Source\Engine\Private\Algorithm</Filter>
    </ClCompile>
    <ClCompile Include="Source\Engine\Private\Algorithm\Random.cpp">
      <Filter>Source\Engine\Private\Algorithm</Filter>
    </ClCompile>
    <ClCompile Include="Source\pch.cpp">
      <Filter>Source</Filter>
    </ClCompile>
    <ClCompile Include="Source\Engine\Private\Object\Actor.cpp">
      <Filter>Source\Engine\Private\Object</Filter>
    </ClCompile>
    <ClCompile Include="Source\Engine\Private\UI\UserWidget.cpp">
      <Filter>Source\Engine\Private\UI</Filter>
    </ClCompile>
    <ClCompile Include="Source\Engine\Private\UI\WidgetAnimation.cpp">
      <Filter>Source\Engine\Private\UI</Filter>
    </ClCompile>
    <ClCompile Include="Source\Engine\Private\Object\Object.cpp">
      <Filter>Source\Engine\Private\Object</Filter>
    </ClCompile>
    <ClCompile Include="Source\Engine\Private\Helper\ColorHelper.cpp">
      <Filter>Source\Engine\Private\Helper</Filter>
    </ClCompile>
    <ClCompile Include="Source\Engine\Private\Engine\Timer.cpp">
      <Filter>Source\Engine\Private\Engine</Filter>
    </ClCompile>
    <ClCompile Include="Source\Engine\Private\Algorithm\Math2.cpp">
      <Filter>Source\Engine\Private\Algorithm</Filter>
    </ClCompile>
    <ClCompile Include="Source\Engine\Private\Engine\Color.cpp">
      <Filter>Source\Engine\Private\Engine</Filter>
    </ClCompile>
    <ClCompile Include="Source\Engine\Private\Helper\RectHelper.cpp">
      <Filter>Source\Engine\Private\Helper</Filter>
    </ClCompile>
    <ClCompile Include="Source\Engine\Private\Component\ActorComponent.cpp">
      <Filter>Source\Engine\Private\Component</Filter>
    </ClCompile>
    <ClCompile Include="Source\Engine\Private\Helper\VectorHelper.cpp">
      <Filter>Source\Engine\Private\Helper</Filter>
    </ClCompile>
    <ClCompile Include="Source\Application\Private\App.cpp">
      <Filter>Source\Application\Private</Filter>
    </ClCompile>
    <ClCompile Include="Source\Engine\Private\Slate\Border.cpp">
      <Filter>Source\Engine\Private\Slate</Filter>
    </ClCompile>
    <ClCompile Include="Source\Engine\Private\Math\Box.cpp">
      <Filter>Source\Engine\Private\Math</Filter>
    </ClCompile>
    <ClCompile Include="Source\Engine\Private\Slate\Button.cpp">
      <Filter>Source\Engine\Private\Slate</Filter>
    </ClCompile>
    <ClCompile Include="Source\Engine\Private\Engine\Audio.cpp">
      <Filter>Source\Engine\Private\Engine</Filter>
    </ClCompile>
    <ClCompile Include="Source\Engine\Private\EngineSettings.cpp">
      <Filter>Source\Engine\Private</Filter>
    </ClCompile>
    <ClCompile Include="Source\Engine\Private\Framework\GameInstance.cpp">
      <Filter>Source\Engine\Private\Framework</Filter>
    </ClCompile>
    <ClCompile Include="Source\Application\Private\GameSettings.cpp">
      <Filter>Source\Application\Private</Filter>
    </ClCompile>
    <ClCompile Include="Source\Engine\Private\Framework\GameModeBase.cpp">
      <Filter>Source\Engine\Private\Framework</Filter>
    </ClCompile>
    <ClCompile Include="Source\Engine\Private\Framework\GameStateBase.cpp">
      <Filter>Source\Engine\Private\Framework</Filter>
    </ClCompile>
    <ClCompile Include="Source\Engine\Private\Slate\CanvasPanel.cpp">
      <Filter>Source\Engine\Private\Slate</Filter>
    </ClCompile>
    <ClCompile Include="Source\Engine\Private\Slate\GridPanel.cpp">
      <Filter>Source\Engine\Private\Slate</Filter>
    </ClCompile>
    <ClCompile Include="Source\Engine\Private\Slate\HorizontalBox.cpp">
      <Filter>Source\Engine\Private\Slate</Filter>
    </ClCompile>
    <ClCompile Include="Source\Application\Private\UI\LandmarkUI.cpp">
      <Filter>Source\Application\Private\UI</Filter>
    </ClCompile>
    <ClCompile Include="Source\Engine\Private\Framework\Level\Level.cpp">
      <Filter>Source\Engine\Private\Framework\Level</Filter>
    </ClCompile>
    <ClCompile Include="Source\Engine\Private\Slate\Image.cpp">
      <Filter>Source\Engine\Private\Slate</Filter>
    </ClCompile>
    <ClCompile Include="Source\Engine\Private\Math\Matrix.cpp">
      <Filter>Source\Engine\Private\Math</Filter>
    </ClCompile>
    <ClCompile Include="Source\Engine\Private\Slate\Overlay.cpp">
      <Filter>Source\Engine\Private\Slate</Filter>
    </ClCompile>
    <ClCompile Include="Source\Engine\Private\Slate\ProgressBar.cpp">
      <Filter>Source\Engine\Private\Slate</Filter>
    </ClCompile>
    <ClCompile Include="Source\Engine\Private\Slate\SlateBase.cpp">
      <Filter>Source\Engine\Private\Slate</Filter>
    </ClCompile>
    <ClCompile Include="Source\Engine\Private\Slate\SlateContainerBase.cpp">
      <Filter>Source\Engine\Private\Slate</Filter>
    </ClCompile>
    <ClCompile Include="Source\Engine\Private\Slate\SlateSlotBase.cpp">
      <Filter>Source\Engine\Private\Slate</Filter>
    </ClCompile>
    <ClCompile Include="Source\Engine\Private\Slate\Spacer.cpp">
      <Filter>Source\Engine\Private\Slate</Filter>
    </ClCompile>
    <ClCompile Include="Source\Engine\Private\Slate\TextBlock.cpp">
      <Filter>Source\Engine\Private\Slate</Filter>
    </ClCompile>
    <ClCompile Include="Source\Engine\Private\Slate\VerticalBox.cpp">
      <Filter>Source\Engine\Private\Slate</Filter>
    </ClCompile>
    <ClCompile Include="Source\Engine\Private\Slate\Message\S_ChoiceBox.cpp">
      <Filter>Source\Engine\Private\Slate\Message</Filter>
    </ClCompile>
    <ClCompile Include="Source\Engine\Private\Slate\Message\S_ChoiceButton.cpp">
      <Filter>Source\Engine\Private\Slate\Message</Filter>
    </ClCompile>
    <ClCompile Include="Source\Engine\Private\Math\Vector.cpp">
      <Filter>Source\Engine\Private\Math</Filter>
    </ClCompile>
    <ClCompile Include="Source\Engine\Private\Math\Rotator.cpp">
      <Filter>Source\Engine\Private\Math</Filter>
    </ClCompile>
    <ClCompile Include="Source\Engine\Private\Math\Rect.cpp">
      <Filter>Source\Engine\Private\Math</Filter>
    </ClCompile>
    <ClCompile Include="Source\Engine\Private\Framework\PlayerController.cpp">
      <Filter>Source\Engine\Private\Framework</Filter>
    </ClCompile>
    <ClCompile Include="Source\Application\Private\Window.cpp">
      <Filter>Source\Application\Private</Filter>
    </ClCompile>
    <ClCompile Include="Source\Engine\Private\Framework\World.cpp">
      <Filter>Source\Engine\Private\Framework</Filter>
    </ClCompile>
    <ClCompile Include="Source\Application\Private\GameState\GameState.cpp">
      <Filter>Source\Application\Private\GameState</Filter>
    </ClCompile>
    <ClCompile Include="Source\Application\Private\Actor\Character\Puyo.cpp">
      <Filter>Source\Application\Private\Actor\Character</Filter>
    </ClCompile>
    <ClCompile Include="Source\Application\Private\Actor\Ground\GroundBase.cpp">
      <Filter>Source\Application\Private\Actor\Ground</Filter>
    </ClCompile>
    <ClCompile Include="Source\Application\Private\Actor\Ground\GroundTypes.cpp">
      <Filter>Source\Application\Private\Actor\Ground</Filter>
    </ClCompile>
    <ClCompile Include="Source\Application\Private\Actor\Actor2D.cpp">
      <Filter>Source\Application\Private\Actor</Filter>
    </ClCompile>
    <ClCompile Include="Source\Engine\Private\Component\SpriteComponent.cpp">
      <Filter>Source\Engine\Private\Component</Filter>
    </ClCompile>
    <ClCompile Include="Source\Engine\Private\Component\ComponentBase.cpp">
      <Filter>Source\Engine\Private\Component</Filter>
    </ClCompile>
    <ClCompile Include="Source\Engine\Private\Helper\BoxHelper.cpp">
      <Filter>Source\Engine\Private\Helper</Filter>
    </ClCompile>
    <ClCompile Include="Source\Application\Private\Level\Level2D.cpp">
      <Filter>Source\Application\Private\Level</Filter>
    </ClCompile>
    <ClCompile Include="Source\Application\Private\Controller\PlayerController_TokoPuyo.cpp">
      <Filter>Source\Application\Private\Controller</Filter>
    </ClCompile>
    <ClCompile Include="Source\Application\Private\Level\ObjectCollection2D.cpp">
      <Filter>Source\Application\Private\Level</Filter>
    </ClCompile>
    <ClCompile Include="Source\Engine\Private\Framework\Level\ObjectCollection.cpp">
      <Filter>Source\Engine\Private\Framework\Level</Filter>
    </ClCompile>
    <ClCompile Include="Source\Application\Private\Level\Level_TokoPuyo.cpp">
      <Filter>Source\Application\Private\Level</Filter>
    </ClCompile>
    <ClCompile Include="Source\Application\Private\World\World_TokoPuyo.cpp">
      <Filter>Source\Application\Private\World</Filter>
    </ClCompile>
    <ClCompile Include="Source\Application\Private\GameMode\GameMode.cpp">
      <Filter>Source\Application\Private\GameMode</Filter>
    </ClCompile>
    <ClCompile Include="Source\Application\Private\GameMode\GameMode_TokoPuyo.cpp">
      <Filter>Source\Application\Private\GameMode</Filter>
    </ClCompile>
    <ClCompile Include="Source\Application\Private\GameState\GameState_TokoPuyo.cpp">
      <Filter>Source\Application\Private\GameState</Filter>
    </ClCompile>
    <ClCompile Include="Source\Application\Private\UI\GameProgressUI.cpp">
      <Filter>Source\Application\Private\UI</Filter>
    </ClCompile>
    <ClCompile Include="Source\Application\Private\UI\GameOverUI.cpp">
      <Filter>Source\Application\Private\UI</Filter>
    </ClCompile>
    <ClCompile Include="Source\Application\Private\GameState\GameState_Play.cpp">
      <Filter>Source\Application\Private\GameState</Filter>
    </ClCompile>
    <ClCompile Include="Source\Application\Private\UI\TitleUI.cpp">
      <Filter>Source\Application\Private\UI</Filter>
    </ClCompile>
    <ClCompile Include="Source\Application\Private\Level\Level_Title.cpp">
      <Filter>Source\Application\Private\Level</Filter>
    </ClCompile>
    <ClCompile Include="Source\Application\Private\World\World_Title.cpp">
      <Filter>Source\Application\Private\World</Filter>
    </ClCompile>
    <ClCompile Include="Source\DirectX\Private\Render\BlendState.cpp">
      <Filter>Source\DirectX\Private\Render</Filter>
    </ClCompile>
    <ClCompile Include="Source\DirectX\Private\Render\ConstantBuffer.cpp">
      <Filter>Source\DirectX\Private\Render</Filter>
    </ClCompile>
    <ClCompile Include="Source\DirectX\Private\Render\CubeTexture.cpp">
      <Filter>Source\DirectX\Private\Render</Filter>
    </ClCompile>
    <ClCompile Include="Source\DirectX\Private\Render\DepthStencilState.cpp">
      <Filter>Source\DirectX\Private\Render</Filter>
    </ClCompile>
    <ClCompile Include="Source\DirectX\Private\Render\DepthStencilView.cpp">
      <Filter>Source\DirectX\Private\Render</Filter>
    </ClCompile>
    <ClCompile Include="Source\DirectX\Private\Render\IndexBuffer.cpp">
      <Filter>Source\DirectX\Private\Render</Filter>
    </ClCompile>
    <ClCompile Include="Source\DirectX\Private\Render\InputLayout.cpp">
      <Filter>Source\DirectX\Private\Render</Filter>
    </ClCompile>
    <ClCompile Include="Source\DirectX\Private\Render\PixelShader.cpp">
      <Filter>Source\DirectX\Private\Render</Filter>
    </ClCompile>
    <ClCompile Include="Source\DirectX\Private\Render\Rasterizer.cpp">
      <Filter>Source\DirectX\Private\Render</Filter>
    </ClCompile>
    <ClCompile Include="Source\DirectX\Private\Render\RenderTargetView.cpp">
      <Filter>Source\DirectX\Private\Render</Filter>
    </ClCompile>
    <ClCompile Include="Source\DirectX\Private\Render\SamplerState.cpp">
      <Filter>Source\DirectX\Private\Render</Filter>
    </ClCompile>
    <ClCompile Include="Source\DirectX\Private\Render\ScreenText.cpp">
      <Filter>Source\DirectX\Private\Render</Filter>
    </ClCompile>
    <ClCompile Include="Source\DirectX\Private\Render\ScreenTexture.cpp">
      <Filter>Source\DirectX\Private\Render</Filter>
    </ClCompile>
    <ClCompile Include="Source\DirectX\Private\Render\Shader.cpp">
      <Filter>Source\DirectX\Private\Render</Filter>
    </ClCompile>
    <ClCompile Include="Source\DirectX\Private\Render\Texture.cpp">
      <Filter>Source\DirectX\Private\Render</Filter>
    </ClCompile>
    <ClCompile Include="Source\DirectX\Private\Render\Topology.cpp">
      <Filter>Source\DirectX\Private\Render</Filter>
    </ClCompile>
    <ClCompile Include="Source\DirectX\Private\Render\TransformConstantBuffer.cpp">
      <Filter>Source\DirectX\Private\Render</Filter>
    </ClCompile>
    <ClCompile Include="Source\DirectX\Private\Render\VertexBuffer.cpp">
      <Filter>Source\DirectX\Private\Render</Filter>
    </ClCompile>
    <ClCompile Include="Source\DirectX\Private\Render\VertexShader.cpp">
      <Filter>Source\DirectX\Private\Render</Filter>
    </ClCompile>
    <ClCompile Include="Source\DirectX\Private\Render\ViewPort.cpp">
      <Filter>Source\DirectX\Private\Render</Filter>
    </ClCompile>
    <ClCompile Include="Source\Application\Private\Actor\Character\PuyoTypes.cpp">
      <Filter>Source\Application\Private\Actor\Character</Filter>
    </ClCompile>
    <ClCompile Include="Source\Application\Private\PtoGameInstance.cpp">
      <Filter>Source\Application\Private</Filter>
    </ClCompile>
    <ClCompile Include="Source\Engine\Private\Slate\Slider.cpp">
      <Filter>Source\Engine\Private\Slate</Filter>
    </ClCompile>
    <ClCompile Include="Source\Application\Private\UI\SettingsUI.cpp">
      <Filter>Source\Application\Private\UI</Filter>
    </ClCompile>
  </ItemGroup>
  <ItemGroup>
    <Image Include="directx.ico">
      <Filter>Assets</Filter>
    </Image>
    <Image Include="Content\Textures\icon.png">
      <Filter>Assets</Filter>
    </Image>
  </ItemGroup>
  <ItemGroup>
    <Manifest Include="settings.manifest">
      <Filter>Assets</Filter>
    </Manifest>
  </ItemGroup>
  <ItemGroup>
    <FxCompile Include="Shader\DrawScreenText.hlsl">
      <Filter>Shader</Filter>
    </FxCompile>
    <FxCompile Include="Shader\Sprite.hlsl">
      <Filter>Shader</Filter>
    </FxCompile>
  </ItemGroup>
  <ItemGroup>
    <None Include="Config\PtoEngineSettings.json">
      <Filter>Config</Filter>
    </None>
    <None Include="Config\PuyoGameSettings.json">
      <Filter>Config</Filter>
    </None>
    <None Include="filever.rc2" />
  </ItemGroup>
  <ItemGroup>
    <ResourceCompile Include="resource.rc" />
  </ItemGroup>
</Project>